
Microsoft Visual Studio Solution File, Format Version 12.00
# Visual Studio 15
VisualStudioVersion = 15.0.27703.2047
MinimumVisualStudioVersion = 10.0.40219.1
Project("{9A19103F-16F7-4668-BE54-9A1E7A4F7556}") = "IotHub.UnitTesting", "IotHub.UnitTest\IotHub.UnitTesting.csproj", "{65C88A6C-E85F-4E62-BDE1-7382F72549EF}"
EndProject
Project("{9A19103F-16F7-4668-BE54-9A1E7A4F7556}") = "IotHub.AwsFirstLambdaFunction", "IotHub.AwsFirstLambdaFunction\IotHub.AwsFirstLambdaFunction.csproj", "{6296839F-FCE8-45CC-A1F0-0BABE0056C8C}"
EndProject
Project("{9A19103F-16F7-4668-BE54-9A1E7A4F7556}") = "IotHub.Core", "IotHub.Core\IotHub.Core.csproj", "{AEF4B7A4-707B-412E-B2D9-5F2237D4C9F2}"
EndProject
Project("{9A19103F-16F7-4668-BE54-9A1E7A4F7556}") = "IotHub.EcommerceApi", "IotHub.EcommerceApi\IotHub.EcommerceApi.csproj", "{CFC26CA1-8C7E-45EB-BCCE-8B1000FDC53E}"
EndProject
Project("{9A19103F-16F7-4668-BE54-9A1E7A4F7556}") = "IotHub.ConsoleSample", "IotHub.ConsoleSample\IotHub.ConsoleSample.csproj", "{BAA56D28-D485-428A-868E-A3310AC94A56}"
EndProject
Project("{9A19103F-16F7-4668-BE54-9A1E7A4F7556}") = "IotHub.SampleDomain", "IotHub.SampleDomain\IotHub.SampleDomain.csproj", "{732E0D72-1D74-4F31-9761-8326A12D4ADB}"
EndProject
Project("{9A19103F-16F7-4668-BE54-9A1E7A4F7556}") = "IotHub.UserDomain", "IotHub.UserDomain\IotHub.UserDomain.csproj", "{38FC25EC-C5FD-42AF-A9F3-C1BAC0E6508F}"
EndProject
Project("{9A19103F-16F7-4668-BE54-9A1E7A4F7556}") = "IotHub.OAuth", "IotHub.OAuth\IotHub.OAuth.csproj", "{AD003B16-AFC7-402C-8EB0-82F851C5F7CD}"
EndProject
Project("{9A19103F-16F7-4668-BE54-9A1E7A4F7556}") = "IotHub.CommandsEvents", "IotHub.CommandsEvents\IotHub.CommandsEvents.csproj", "{91E6E1AA-DE8B-46B1-BA19-42CA9CD199A4}"
EndProject
Project("{2150E333-8FDC-42A3-9474-1A3956D46DE8}") = "Domains", "Domains", "{2ABF8E20-FFBD-434E-A5A2-935A0FED0984}"
EndProject
Project("{2150E333-8FDC-42A3-9474-1A3956D46DE8}") = "Apis", "Apis", "{104E9C65-C5D3-4016-9ADA-76379655EED0}"
EndProject
Project("{2150E333-8FDC-42A3-9474-1A3956D46DE8}") = "Core", "Core", "{ABE0972B-E388-406C-A28C-D4278744734F}"
EndProject
Project("{2150E333-8FDC-42A3-9474-1A3956D46DE8}") = "Enginee", "Enginee", "{7011194D-7B83-440D-AC8F-BB0CB84E28FF}"
EndProject
Project("{2150E333-8FDC-42A3-9474-1A3956D46DE8}") = "Uis", "Uis", "{69D2A486-1064-40F6-B6FF-3BE70F8B9CF0}"
EndProject
Project("{FAE04EC0-301F-11D3-BF4B-00C04F79EFBC}") = "IotHub.SampleDomainWithEventSourcing", "IotHub.SampleDomainWithEventSourcing\IotHub.SampleDomainWithEventSourcing.csproj", "{4712B117-4295-40CE-A1AF-2E9B0E64EE20}"
EndProject
Global
	GlobalSection(SolutionConfigurationPlatforms) = preSolution
		Debug|Any CPU = Debug|Any CPU
		Release|Any CPU = Release|Any CPU
	EndGlobalSection
	GlobalSection(ProjectConfigurationPlatforms) = postSolution
		{65C88A6C-E85F-4E62-BDE1-7382F72549EF}.Debug|Any CPU.ActiveCfg = Debug|Any CPU
		{65C88A6C-E85F-4E62-BDE1-7382F72549EF}.Debug|Any CPU.Build.0 = Debug|Any CPU
		{65C88A6C-E85F-4E62-BDE1-7382F72549EF}.Release|Any CPU.ActiveCfg = Release|Any CPU
		{65C88A6C-E85F-4E62-BDE1-7382F72549EF}.Release|Any CPU.Build.0 = Release|Any CPU
		{6296839F-FCE8-45CC-A1F0-0BABE0056C8C}.Debug|Any CPU.ActiveCfg = Debug|Any CPU
		{6296839F-FCE8-45CC-A1F0-0BABE0056C8C}.Debug|Any CPU.Build.0 = Debug|Any CPU
		{6296839F-FCE8-45CC-A1F0-0BABE0056C8C}.Release|Any CPU.ActiveCfg = Release|Any CPU
		{6296839F-FCE8-45CC-A1F0-0BABE0056C8C}.Release|Any CPU.Build.0 = Release|Any CPU
		{AEF4B7A4-707B-412E-B2D9-5F2237D4C9F2}.Debug|Any CPU.ActiveCfg = Debug|Any CPU
		{AEF4B7A4-707B-412E-B2D9-5F2237D4C9F2}.Debug|Any CPU.Build.0 = Debug|Any CPU
		{AEF4B7A4-707B-412E-B2D9-5F2237D4C9F2}.Release|Any CPU.ActiveCfg = Release|Any CPU
		{AEF4B7A4-707B-412E-B2D9-5F2237D4C9F2}.Release|Any CPU.Build.0 = Release|Any CPU
		{CFC26CA1-8C7E-45EB-BCCE-8B1000FDC53E}.Debug|Any CPU.ActiveCfg = Debug|Any CPU
		{CFC26CA1-8C7E-45EB-BCCE-8B1000FDC53E}.Debug|Any CPU.Build.0 = Debug|Any CPU
		{CFC26CA1-8C7E-45EB-BCCE-8B1000FDC53E}.Release|Any CPU.ActiveCfg = Release|Any CPU
		{CFC26CA1-8C7E-45EB-BCCE-8B1000FDC53E}.Release|Any CPU.Build.0 = Release|Any CPU
		{BAA56D28-D485-428A-868E-A3310AC94A56}.Debug|Any CPU.ActiveCfg = Debug|Any CPU
		{BAA56D28-D485-428A-868E-A3310AC94A56}.Debug|Any CPU.Build.0 = Debug|Any CPU
		{BAA56D28-D485-428A-868E-A3310AC94A56}.Release|Any CPU.ActiveCfg = Release|Any CPU
		{BAA56D28-D485-428A-868E-A3310AC94A56}.Release|Any CPU.Build.0 = Release|Any CPU
		{732E0D72-1D74-4F31-9761-8326A12D4ADB}.Debug|Any CPU.ActiveCfg = Debug|Any CPU
		{732E0D72-1D74-4F31-9761-8326A12D4ADB}.Debug|Any CPU.Build.0 = Debug|Any CPU
		{732E0D72-1D74-4F31-9761-8326A12D4ADB}.Release|Any CPU.ActiveCfg = Release|Any CPU
		{732E0D72-1D74-4F31-9761-8326A12D4ADB}.Release|Any CPU.Build.0 = Release|Any CPU
		{38FC25EC-C5FD-42AF-A9F3-C1BAC0E6508F}.Debug|Any CPU.ActiveCfg = Debug|Any CPU
		{38FC25EC-C5FD-42AF-A9F3-C1BAC0E6508F}.Debug|Any CPU.Build.0 = Debug|Any CPU
		{38FC25EC-C5FD-42AF-A9F3-C1BAC0E6508F}.Release|Any CPU.ActiveCfg = Release|Any CPU
		{38FC25EC-C5FD-42AF-A9F3-C1BAC0E6508F}.Release|Any CPU.Build.0 = Release|Any CPU
		{AD003B16-AFC7-402C-8EB0-82F851C5F7CD}.Debug|Any CPU.ActiveCfg = Debug|Any CPU
		{AD003B16-AFC7-402C-8EB0-82F851C5F7CD}.Debug|Any CPU.Build.0 = Debug|Any CPU
		{AD003B16-AFC7-402C-8EB0-82F851C5F7CD}.Release|Any CPU.ActiveCfg = Release|Any CPU
		{AD003B16-AFC7-402C-8EB0-82F851C5F7CD}.Release|Any CPU.Build.0 = Release|Any CPU
		{91E6E1AA-DE8B-46B1-BA19-42CA9CD199A4}.Debug|Any CPU.ActiveCfg = Debug|Any CPU
		{91E6E1AA-DE8B-46B1-BA19-42CA9CD199A4}.Debug|Any CPU.Build.0 = Debug|Any CPU
		{91E6E1AA-DE8B-46B1-BA19-42CA9CD199A4}.Release|Any CPU.ActiveCfg = Release|Any CPU
		{91E6E1AA-DE8B-46B1-BA19-42CA9CD199A4}.Release|Any CPU.Build.0 = Release|Any CPU
		{4712B117-4295-40CE-A1AF-2E9B0E64EE20}.Debug|Any CPU.ActiveCfg = Debug|Any CPU
		{4712B117-4295-40CE-A1AF-2E9B0E64EE20}.Debug|Any CPU.Build.0 = Debug|Any CPU
		{4712B117-4295-40CE-A1AF-2E9B0E64EE20}.Release|Any CPU.ActiveCfg = Release|Any CPU
		{4712B117-4295-40CE-A1AF-2E9B0E64EE20}.Release|Any CPU.Build.0 = Release|Any CPU
	EndGlobalSection
	GlobalSection(SolutionProperties) = preSolution
		HideSolutionNode = FALSE
	EndGlobalSection
	GlobalSection(NestedProjects) = preSolution
		{AEF4B7A4-707B-412E-B2D9-5F2237D4C9F2} = {ABE0972B-E388-406C-A28C-D4278744734F}
		{CFC26CA1-8C7E-45EB-BCCE-8B1000FDC53E} = {104E9C65-C5D3-4016-9ADA-76379655EED0}
		{BAA56D28-D485-428A-868E-A3310AC94A56} = {7011194D-7B83-440D-AC8F-BB0CB84E28FF}
		{732E0D72-1D74-4F31-9761-8326A12D4ADB} = {2ABF8E20-FFBD-434E-A5A2-935A0FED0984}
		{38FC25EC-C5FD-42AF-A9F3-C1BAC0E6508F} = {2ABF8E20-FFBD-434E-A5A2-935A0FED0984}
		{AD003B16-AFC7-402C-8EB0-82F851C5F7CD} = {104E9C65-C5D3-4016-9ADA-76379655EED0}
		{91E6E1AA-DE8B-46B1-BA19-42CA9CD199A4} = {ABE0972B-E388-406C-A28C-D4278744734F}
		{4712B117-4295-40CE-A1AF-2E9B0E64EE20} = {2ABF8E20-FFBD-434E-A5A2-935A0FED0984}
	EndGlobalSection
	GlobalSection(ExtensibilityGlobals) = postSolution
		SolutionGuid = {C44E7C42-AFE0-40E9-A2DC-094349FF7F63}
	EndGlobalSection
EndGlobal
